
Microsoft Visual Studio Solution File, Format Version 12.00
# Visual Studio Version 17
VisualStudioVersion = 17.3.32929.385
MinimumVisualStudioVersion = 10.0.40219.1
Project("{FAE04EC0-301F-11D3-BF4B-00C04F79EFBC}") = "FPSet2", "FPSet2.csproj", "{8E0903E8-A456-49E8-AD74-AAEE0AD5820E}"
EndProject
Global
	GlobalSection(SolutionConfigurationPlatforms) = preSolution
		Debug|Any CPU = Debug|Any CPU
		Release|Any CPU = Release|Any CPU
	EndGlobalSection
	GlobalSection(ProjectConfigurationPlatforms) = postSolution
		{8E0903E8-A456-49E8-AD74-AAEE0AD5820E}.Debug|Any CPU.ActiveCfg = Debug|Any CPU
		{8E0903E8-A456-49E8-AD74-AAEE0AD5820E}.Debug|Any CPU.Build.0 = Debug|Any CPU
		{8E0903E8-A456-49E8-AD74-AAEE0AD5820E}.Release|Any CPU.ActiveCfg = Release|Any CPU
		{8E0903E8-A456-49E8-AD74-AAEE0AD5820E}.Release|Any CPU.Build.0 = Release|Any CPU
	EndGlobalSection
	GlobalSection(SolutionProperties) = preSolution
		HideSolutionNode = FALSE
	EndGlobalSection
	GlobalSection(ExtensibilityGlobals) = postSolution
		SolutionGuid = {C7AA94D4-F7C8-43B7-B14B-C2066F880A2A}
	EndGlobalSection
EndGlobal
